{
  "nodes": {
    "flake-utils": {
      "locked": {
        "lastModified": 1656928814,
        "narHash": "sha256-RIFfgBuKz6Hp89yRr7+NR5tzIAbn52h8vT6vXkYjZoM=",
        "owner": "numtide",
        "repo": "flake-utils",
        "rev": "7e2a3b3dfd9af950a856d66b0a7d01e3c18aa249",
        "type": "github"
      },
      "original": {
        "owner": "numtide",
        "repo": "flake-utils",
        "type": "github"
      }
    },
    "haskellTar": {
      "flake": false,
      "locked": {
        "lastModified": 1657046996,
        "narHash": "sha256-gDxF+1L0sMzwogCCTGtiYnPgZMIg5fTWV8d062F7iR0=",
        "owner": "haskell",
        "repo": "tar",
        "rev": "dbf8c995153c8a80450724d9f94cf33403740c80",
        "type": "github"
      },
      "original": {
        "owner": "haskell",
        "repo": "tar",
        "rev": "dbf8c995153c8a80450724d9f94cf33403740c80",
        "type": "github"
      }
    },
    "nixpkgs": {
      "locked": {
        "lastModified": 1659739520,
        "narHash": "sha256-W+oZJvAk9IuYDtwxsaL5uAIWkHaYqYq8pqxksnnAJx4=",
        "owner": "NixOS",
        "repo": "nixpkgs",
        "rev": "2a4041b58659ad9c1d4f1b49ee05c0ee383b9c9b",
        "type": "github"
      },
      "original": {
        "owner": "NixOS",
        "ref": "master",
        "repo": "nixpkgs",
        "type": "github"
      }
    },
    "root": {
      "inputs": {
        "flake-utils": "flake-utils",
        "haskellTar": "haskellTar",
        "nixpkgs": "nixpkgs"
      }
    }
  },
  "root": "root",
  "version": 7
}
