{
  "nodes": {
    "flake-compat": {
      "flake": false,
      "locked": {
        "lastModified": 1673956053,
        "narHash": "sha256-4gtG9iQuiKITOjNQQeQIpoIB6b16fm+504Ch3sNKLd8=",
        "owner": "edolstra",
        "repo": "flake-compat",
        "rev": "35bb57c0c8d8b62bbfd284272c928ceb64ddbde9",
        "type": "github"
      },
      "original": {
        "owner": "edolstra",
        "repo": "flake-compat",
        "type": "github"
      }
    },
    "flake-utils": {
      "locked": {
        "lastModified": 1676283394,
        "narHash": "sha256-XX2f9c3iySLCw54rJ/CZs+ZK6IQy7GXNY4nSOyu2QG4=",
        "owner": "numtide",
        "repo": "flake-utils",
        "rev": "3db36a8b464d0c4532ba1c7dda728f4576d6d073",
        "type": "github"
      },
      "original": {
        "owner": "numtide",
        "repo": "flake-utils",
        "type": "github"
      }
    },
    "haskellTar": {
      "flake": false,
      "locked": {
        "lastModified": 1657046996,
        "narHash": "sha256-gDxF+1L0sMzwogCCTGtiYnPgZMIg5fTWV8d062F7iR0=",
        "owner": "haskell",
        "repo": "tar",
        "rev": "dbf8c995153c8a80450724d9f94cf33403740c80",
        "type": "github"
      },
      "original": {
        "owner": "haskell",
        "repo": "tar",
        "rev": "dbf8c995153c8a80450724d9f94cf33403740c80",
        "type": "github"
      }
    },
    "nixpkgs": {
      "locked": {
        "lastModified": 1677706469,
        "narHash": "sha256-5oCNOAnnrRnRxbyrfTbXdEbCQVZJ7Dj1KOPPyVYRhJE=",
        "owner": "NixOS",
        "repo": "nixpkgs",
        "rev": "fd449a33c1209d2aabc1cd4819e384b21f520eef",
        "type": "github"
      },
      "original": {
        "owner": "NixOS",
        "ref": "master",
        "repo": "nixpkgs",
        "type": "github"
      }
    },
    "root": {
      "inputs": {
        "flake-compat": "flake-compat",
        "flake-utils": "flake-utils",
        "haskellTar": "haskellTar",
        "nixpkgs": "nixpkgs"
      }
    }
  },
  "root": "root",
  "version": 7
}
