# This file was autogenerated by Stack.
# You should not edit this file by hand.
# For more information, please see the documentation at:
#   https://docs.haskellstack.org/en/stable/lock_files

packages:
- completed:
    hackage: tar-0.6.3.0@sha256:e9f151d9999be8953443e730524b2792e9c0a4fb5b1463097fa1a8230870fd8a,4634
    pantry-tree:
      sha256: e59e0d0224352033c32356d517f90d4c6a41cee4fa0d386885df146302d1ba3b
      size: 2241
  original:
    hackage: tar-0.6.3.0
snapshots:
- completed:
    sha256: 31a722458578b1f709b6fe098d9027bbb5c04b4430e7338a5e69707bd3990e5d
    size: 720019
    url: https://raw.githubusercontent.com/commercialhaskell/stackage-snapshots/master/lts/22/35.yaml
  original: lts-22.35
