# This file was autogenerated by Stack.
# You should not edit this file by hand.
# For more information, please see the documentation at:
#   https://docs.haskellstack.org/en/stable/topics/lock_files

packages: []
snapshots:
- completed:
    sha256: 91dfbdf885fb0110f0e63cdba42e13ff375dc7efc2f69f02d238b31ca3c1064f
    size: 728778
    url: https://raw.githubusercontent.com/commercialhaskell/stackage-snapshots/master/lts/24/39.yaml
  original: lts-24.39
