# This file was autogenerated by Stack.
# You should not edit this file by hand.
# For more information, please see the documentation at:
#   https://docs.haskellstack.org/en/stable/lock_files

packages:
- completed:
    commit: dbf8c995153c8a80450724d9f94cf33403740c80
    git: https://github.com/haskell/tar.git
    name: tar
    pantry-tree:
      sha256: 1a97f1a4e4e2e86e338c2629c75af9efbb64eb087efcb6adce6c19f22bfd4de0
      size: 1985
    version: 0.6.0.0
  original:
    commit: dbf8c995153c8a80450724d9f94cf33403740c80
    git: https://github.com/haskell/tar.git
snapshots:
- completed:
    sha256: ae630fb633086fb5128ec338a40a60c0f2b0a0f1bcfa9920c15855df2001338e
    size: 619204
    url: https://raw.githubusercontent.com/commercialhaskell/stackage-snapshots/master/lts/19/32.yaml
  original: lts-19.32
